
Microsoft Visual Studio Solution File, Format Version 12.00
# Visual Studio 15
VisualStudioVersion = 15.0.28010.0
MinimumVisualStudioVersion = 10.0.40219.1
Project("{FAE04EC0-301F-11D3-BF4B-00C04F79EFBC}") = "InterfaceIVehicles", "InterfaceIVehicles\InterfaceIVehicles.csproj", "{A950D955-8909-44EC-86C0-8DDC79EE7F8C}"
EndProject
Global
	GlobalSection(SolutionConfigurationPlatforms) = preSolution
		Debug|Any CPU = Debug|Any CPU
		Release|Any CPU = Release|Any CPU
	EndGlobalSection
	GlobalSection(ProjectConfigurationPlatforms) = postSolution
		{A950D955-8909-44EC-86C0-8DDC79EE7F8C}.Debug|Any CPU.ActiveCfg = Debug|Any CPU
		{A950D955-8909-44EC-86C0-8DDC79EE7F8C}.Debug|Any CPU.Build.0 = Debug|Any CPU
		{A950D955-8909-44EC-86C0-8DDC79EE7F8C}.Release|Any CPU.ActiveCfg = Release|Any CPU
		{A950D955-8909-44EC-86C0-8DDC79EE7F8C}.Release|Any CPU.Build.0 = Release|Any CPU
	EndGlobalSection
	GlobalSection(SolutionProperties) = preSolution
		HideSolutionNode = FALSE
	EndGlobalSection
	GlobalSection(ExtensibilityGlobals) = postSolution
		SolutionGuid = {1C854692-690C-4E50-B69E-E9E6BBC8AA1B}
	EndGlobalSection
EndGlobal
